// !$*UTF8*$!
{
	archiveVersion = 1;
	classes = {
	};
	objectVersion = 56;
	objects = {

/* Begin PBXBuildFile section */
		632796552B373DAE003F9241 /* SpreadPlot.cpp in Sources */ = {isa = PBXBuildFile; fileRef = 632796532B373DAE003F9241 /* SpreadPlot.cpp */; };
		638DCD572B32E6FF00A57171 /* UserInput.cpp in Sources */ = {isa = PBXBuildFile; fileRef = 638DCD552B32E6FF00A57171 /* UserInput.cpp */; };
		63AA46C42B284BB6003FBA62 /* OrderBook.cpp in Sources */ = {isa = PBXBuildFile; fileRef = 63AA46C22B284BB6003FBA62 /* OrderBook.cpp */; };
		63B5A2BB2B25C80B00025854 /* main.cpp in Sources */ = {isa = PBXBuildFile; fileRef = 63B5A2BA2B25C80B00025854 /* main.cpp */; };
		63B5A2C32B25C86400025854 /* OrderBookEntry.cpp in Sources */ = {isa = PBXBuildFile; fileRef = 63B5A2C12B25C86400025854 /* OrderBookEntry.cpp */; };
		63B8732A2B3333B500439EB3 /* CandleStick.cpp in Sources */ = {isa = PBXBuildFile; fileRef = 63B873282B3333B500439EB3 /* CandleStick.cpp */; };
		63CF96062B25D10000E8AE13 /* PandaMain.cpp in Sources */ = {isa = PBXBuildFile; fileRef = 63CF96042B25D10000E8AE13 /* PandaMain.cpp */; };
		63EFAE1C2B27212900DCFD69 /* CSVReader.cpp in Sources */ = {isa = PBXBuildFile; fileRef = 63EFAE1A2B27212900DCFD69 /* CSVReader.cpp */; };
		63FFB06B2B31BF8E0046AB50 /* Wallet.cpp in Sources */ = {isa = PBXBuildFile; fileRef = 63FFB0692B31BF8E0046AB50 /* Wallet.cpp */; };
/* End PBXBuildFile section */

/* Begin PBXCopyFilesBuildPhase section */
		63B5A2B52B25C80B00025854 /* CopyFiles */ = {
			isa = PBXCopyFilesBuildPhase;
			buildActionMask = 2147483647;
			dstPath = /usr/share/man/man1/;
			dstSubfolderSpec = 0;
			files = (
			);
			runOnlyForDeploymentPostprocessing = 1;
		};
/* End PBXCopyFilesBuildPhase section */

/* Begin PBXFileReference section */
		632796532B373DAE003F9241 /* SpreadPlot.cpp */ = {isa = PBXFileReference; lastKnownFileType = sourcecode.cpp.cpp; path = SpreadPlot.cpp; sourceTree = "<group>"; };
		632796542B373DAE003F9241 /* SpreadPlot.hpp */ = {isa = PBXFileReference; lastKnownFileType = sourcecode.cpp.h; path = SpreadPlot.hpp; sourceTree = "<group>"; };
		638DCD552B32E6FF00A57171 /* UserInput.cpp */ = {isa = PBXFileReference; lastKnownFileType = sourcecode.cpp.cpp; path = UserInput.cpp; sourceTree = "<group>"; };
		638DCD562B32E6FF00A57171 /* UserInput.hpp */ = {isa = PBXFileReference; lastKnownFileType = sourcecode.cpp.h; path = UserInput.hpp; sourceTree = "<group>"; };
		63AA46C22B284BB6003FBA62 /* OrderBook.cpp */ = {isa = PBXFileReference; lastKnownFileType = sourcecode.cpp.cpp; path = OrderBook.cpp; sourceTree = "<group>"; };
		63AA46C32B284BB6003FBA62 /* OrderBook.hpp */ = {isa = PBXFileReference; lastKnownFileType = sourcecode.cpp.h; path = OrderBook.hpp; sourceTree = "<group>"; };
		63B5A2B72B25C80B00025854 /* KSPandarex */ = {isa = PBXFileReference; explicitFileType = "compiled.mach-o.executable"; includeInIndex = 0; path = KSPandarex; sourceTree = BUILT_PRODUCTS_DIR; };
		63B5A2BA2B25C80B00025854 /* main.cpp */ = {isa = PBXFileReference; fileEncoding = 4; lastKnownFileType = sourcecode.cpp.cpp; path = main.cpp; sourceTree = "<group>"; };
		63B5A2C12B25C86400025854 /* OrderBookEntry.cpp */ = {isa = PBXFileReference; lastKnownFileType = sourcecode.cpp.cpp; path = OrderBookEntry.cpp; sourceTree = "<group>"; };
		63B5A2C22B25C86400025854 /* OrderBookEntry.hpp */ = {isa = PBXFileReference; lastKnownFileType = sourcecode.cpp.h; path = OrderBookEntry.hpp; sourceTree = "<group>"; };
		63B873282B3333B500439EB3 /* CandleStick.cpp */ = {isa = PBXFileReference; lastKnownFileType = sourcecode.cpp.cpp; path = CandleStick.cpp; sourceTree = "<group>"; };
		63B873292B3333B500439EB3 /* CandleStick.hpp */ = {isa = PBXFileReference; lastKnownFileType = sourcecode.cpp.h; path = CandleStick.hpp; sourceTree = "<group>"; };
		63CF96042B25D10000E8AE13 /* PandaMain.cpp */ = {isa = PBXFileReference; lastKnownFileType = sourcecode.cpp.cpp; path = PandaMain.cpp; sourceTree = "<group>"; };
		63CF96052B25D10000E8AE13 /* PandaMain.hpp */ = {isa = PBXFileReference; lastKnownFileType = sourcecode.cpp.h; path = PandaMain.hpp; sourceTree = "<group>"; };
		63EFAE1A2B27212900DCFD69 /* CSVReader.cpp */ = {isa = PBXFileReference; lastKnownFileType = sourcecode.cpp.cpp; path = CSVReader.cpp; sourceTree = "<group>"; };
		63EFAE1B2B27212900DCFD69 /* CSVReader.hpp */ = {isa = PBXFileReference; lastKnownFileType = sourcecode.cpp.h; path = CSVReader.hpp; sourceTree = "<group>"; };
		63FFB0692B31BF8E0046AB50 /* Wallet.cpp */ = {isa = PBXFileReference; lastKnownFileType = sourcecode.cpp.cpp; path = Wallet.cpp; sourceTree = "<group>"; };
		63FFB06A2B31BF8E0046AB50 /* Wallet.hpp */ = {isa = PBXFileReference; lastKnownFileType = sourcecode.cpp.h; path = Wallet.hpp; sourceTree = "<group>"; };
/* End PBXFileReference section */

/* Begin PBXFrameworksBuildPhase section */
		63B5A2B42B25C80B00025854 /* Frameworks */ = {
			isa = PBXFrameworksBuildPhase;
			buildActionMask = 2147483647;
			files = (
			);
			runOnlyForDeploymentPostprocessing = 0;
		};
/* End PBXFrameworksBuildPhase section */

/* Begin PBXGroup section */
		63B5A2AE2B25C80B00025854 = {
			isa = PBXGroup;
			children = (
				63B5A2B92B25C80B00025854 /* KSPandarex */,
				63B5A2B82B25C80B00025854 /* Products */,
			);
			sourceTree = "<group>";
		};
		63B5A2B82B25C80B00025854 /* Products */ = {
			isa = PBXGroup;
			children = (
				63B5A2B72B25C80B00025854 /* KSPandarex */,
			);
			name = Products;
			sourceTree = "<group>";
		};
		63B5A2B92B25C80B00025854 /* KSPandarex */ = {
			isa = PBXGroup;
			children = (
				63B5A2BA2B25C80B00025854 /* main.cpp */,
				63B5A2C12B25C86400025854 /* OrderBookEntry.cpp */,
				63B5A2C22B25C86400025854 /* OrderBookEntry.hpp */,
				63CF96042B25D10000E8AE13 /* PandaMain.cpp */,
				63CF96052B25D10000E8AE13 /* PandaMain.hpp */,
				63EFAE1A2B27212900DCFD69 /* CSVReader.cpp */,
				63EFAE1B2B27212900DCFD69 /* CSVReader.hpp */,
				63AA46C22B284BB6003FBA62 /* OrderBook.cpp */,
				63AA46C32B284BB6003FBA62 /* OrderBook.hpp */,
				63FFB0692B31BF8E0046AB50 /* Wallet.cpp */,
				63FFB06A2B31BF8E0046AB50 /* Wallet.hpp */,
				638DCD552B32E6FF00A57171 /* UserInput.cpp */,
				638DCD562B32E6FF00A57171 /* UserInput.hpp */,
				63B873282B3333B500439EB3 /* CandleStick.cpp */,
				63B873292B3333B500439EB3 /* CandleStick.hpp */,
				632796532B373DAE003F9241 /* SpreadPlot.cpp */,
				632796542B373DAE003F9241 /* SpreadPlot.hpp */,
			);
			path = KSPandarex;
			sourceTree = "<group>";
		};
/* End PBXGroup section */

/* Begin PBXNativeTarget section */
		63B5A2B62B25C80B00025854 /* KSPandarex */ = {
			isa = PBXNativeTarget;
			buildConfigurationList = 63B5A2BE2B25C80B00025854 /* Build configuration list for PBXNativeTarget "KSPandarex" */;
			buildPhases = (
				63B5A2B32B25C80B00025854 /* Sources */,
				63B5A2B42B25C80B00025854 /* Frameworks */,
				63B5A2B52B25C80B00025854 /* CopyFiles */,
			);
			buildRules = (
			);
			dependencies = (
			);
			name = KSPandarex;
			productName = KSPandarex;
			productReference = 63B5A2B72B25C80B00025854 /* KSPandarex */;
			productType = "com.apple.product-type.tool";
		};
/* End PBXNativeTarget section */

/* Begin PBXProject section */
		63B5A2AF2B25C80B00025854 /* Project object */ = {
			isa = PBXProject;
			attributes = {
				BuildIndependentTargetsInParallel = 1;
				LastUpgradeCheck = 1500;
				TargetAttributes = {
					63B5A2B62B25C80B00025854 = {
						CreatedOnToolsVersion = 15.0.1;
					};
				};
			};
			buildConfigurationList = 63B5A2B22B25C80B00025854 /* Build configuration list for PBXProject "KSPandarex" */;
			compatibilityVersion = "Xcode 14.0";
			developmentRegion = en;
			hasScannedForEncodings = 0;
			knownRegions = (
				en,
				Base,
			);
			mainGroup = 63B5A2AE2B25C80B00025854;
			productRefGroup = 63B5A2B82B25C80B00025854 /* Products */;
			projectDirPath = "";
			projectRoot = "";
			targets = (
				63B5A2B62B25C80B00025854 /* KSPandarex */,
			);
		};
/* End PBXProject section */

/* Begin PBXSourcesBuildPhase section */
		63B5A2B32B25C80B00025854 /* Sources */ = {
			isa = PBXSourcesBuildPhase;
			buildActionMask = 2147483647;
			files = (
				638DCD572B32E6FF00A57171 /* UserInput.cpp in Sources */,
				63B5A2C32B25C86400025854 /* OrderBookEntry.cpp in Sources */,
				63EFAE1C2B27212900DCFD69 /* CSVReader.cpp in Sources */,
				63FFB06B2B31BF8E0046AB50 /* Wallet.cpp in Sources */,
				632796552B373DAE003F9241 /* SpreadPlot.cpp in Sources */,
				63CF96062B25D10000E8AE13 /* PandaMain.cpp in Sources */,
				63B8732A2B3333B500439EB3 /* CandleStick.cpp in Sources */,
				63B5A2BB2B25C80B00025854 /* main.cpp in Sources */,
				63AA46C42B284BB6003FBA62 /* OrderBook.cpp in Sources */,
			);
			runOnlyForDeploymentPostprocessing = 0;
		};
/* End PBXSourcesBuildPhase section */

/* Begin XCBuildConfiguration section */
		63B5A2BC2B25C80B00025854 /* Debug */ = {
			isa = XCBuildConfiguration;
			buildSettings = {
				ALWAYS_SEARCH_USER_PATHS = NO;
				ASSETCATALOG_COMPILER_GENERATE_SWIFT_ASSET_SYMBOL_EXTENSIONS = YES;
				CLANG_ANALYZER_NONNULL = YES;
				CLANG_ANALYZER_NUMBER_OBJECT_CONVERSION = YES_AGGRESSIVE;
				CLANG_CXX_LANGUAGE_STANDARD = "gnu++20";
				CLANG_ENABLE_MODULES = YES;
				CLANG_ENABLE_OBJC_ARC = YES;
				CLANG_ENABLE_OBJC_WEAK = YES;
				CLANG_WARN_BLOCK_CAPTURE_AUTORELEASING = YES;
				CLANG_WARN_BOOL_CONVERSION = YES;
				CLANG_WARN_COMMA = YES;
				CLANG_WARN_CONSTANT_CONVERSION = YES;
				CLANG_WARN_DEPRECATED_OBJC_IMPLEMENTATIONS = YES;
				CLANG_WARN_DIRECT_OBJC_ISA_USAGE = YES_ERROR;
				CLANG_WARN_DOCUMENTATION_COMMENTS = YES;
				CLANG_WARN_EMPTY_BODY = YES;
				CLANG_WARN_ENUM_CONVERSION = YES;
				CLANG_WARN_INFINITE_RECURSION = YES;
				CLANG_WARN_INT_CONVERSION = YES;
				CLANG_WARN_NON_LITERAL_NULL_CONVERSION = YES;
				CLANG_WARN_OBJC_IMPLICIT_RETAIN_SELF = YES;
				CLANG_WARN_OBJC_LITERAL_CONVERSION = YES;
				CLANG_WARN_OBJC_ROOT_CLASS = YES_ERROR;
				CLANG_WARN_QUOTED_INCLUDE_IN_FRAMEWORK_HEADER = YES;
				CLANG_WARN_RANGE_LOOP_ANALYSIS = YES;
				CLANG_WARN_STRICT_PROTOTYPES = YES;
				CLANG_WARN_SUSPICIOUS_MOVE = YES;
				CLANG_WARN_UNGUARDED_AVAILABILITY = YES_AGGRESSIVE;
				CLANG_WARN_UNREACHABLE_CODE = YES;
				CLANG_WARN__DUPLICATE_METHOD_MATCH = YES;
				COPY_PHASE_STRIP = NO;
				DEBUG_INFORMATION_FORMAT = dwarf;
				ENABLE_STRICT_OBJC_MSGSEND = YES;
				ENABLE_TESTABILITY = YES;
				ENABLE_USER_SCRIPT_SANDBOXING = YES;
				GCC_C_LANGUAGE_STANDARD = gnu17;
				GCC_DYNAMIC_NO_PIC = NO;
				GCC_NO_COMMON_BLOCKS = YES;
				GCC_OPTIMIZATION_LEVEL = 0;
				GCC_PREPROCESSOR_DEFINITIONS = (
					"DEBUG=1",
					"$(inherited)",
				);
				GCC_WARN_64_TO_32_BIT_CONVERSION = YES;
				GCC_WARN_ABOUT_RETURN_TYPE = YES_ERROR;
				GCC_WARN_UNDECLARED_SELECTOR = YES;
				GCC_WARN_UNINITIALIZED_AUTOS = YES_AGGRESSIVE;
				GCC_WARN_UNUSED_FUNCTION = YES;
				GCC_WARN_UNUSED_VARIABLE = YES;
				LOCALIZATION_PREFERS_STRING_CATALOGS = YES;
				MACOSX_DEPLOYMENT_TARGET = 14.0;
				MTL_ENABLE_DEBUG_INFO = INCLUDE_SOURCE;
				MTL_FAST_MATH = YES;
				ONLY_ACTIVE_ARCH = YES;
				SDKROOT = macosx;
			};
			name = Debug;
		};
		63B5A2BD2B25C80B00025854 /* Release */ = {
			isa = XCBuildConfiguration;
			buildSettings = {
				ALWAYS_SEARCH_USER_PATHS = NO;
				ASSETCATALOG_COMPILER_GENERATE_SWIFT_ASSET_SYMBOL_EXTENSIONS = YES;
				CLANG_ANALYZER_NONNULL = YES;
				CLANG_ANALYZER_NUMBER_OBJECT_CONVERSION = YES_AGGRESSIVE;
				CLANG_CXX_LANGUAGE_STANDARD = "gnu++20";
				CLANG_ENABLE_MODULES = YES;
				CLANG_ENABLE_OBJC_ARC = YES;
				CLANG_ENABLE_OBJC_WEAK = YES;
				CLANG_WARN_BLOCK_CAPTURE_AUTORELEASING = YES;
				CLANG_WARN_BOOL_CONVERSION = YES;
				CLANG_WARN_COMMA = YES;
				CLANG_WARN_CONSTANT_CONVERSION = YES;
				CLANG_WARN_DEPRECATED_OBJC_IMPLEMENTATIONS = YES;
				CLANG_WARN_DIRECT_OBJC_ISA_USAGE = YES_ERROR;
				CLANG_WARN_DOCUMENTATION_COMMENTS = YES;
				CLANG_WARN_EMPTY_BODY = YES;
				CLANG_WARN_ENUM_CONVERSION = YES;
				CLANG_WARN_INFINITE_RECURSION = YES;
				CLANG_WARN_INT_CONVERSION = YES;
				CLANG_WARN_NON_LITERAL_NULL_CONVERSION = YES;
				CLANG_WARN_OBJC_IMPLICIT_RETAIN_SELF = YES;
				CLANG_WARN_OBJC_LITERAL_CONVERSION = YES;
				CLANG_WARN_OBJC_ROOT_CLASS = YES_ERROR;
				CLANG_WARN_QUOTED_INCLUDE_IN_FRAMEWORK_HEADER = YES;
				CLANG_WARN_RANGE_LOOP_ANALYSIS = YES;
				CLANG_WARN_STRICT_PROTOTYPES = YES;
				CLANG_WARN_SUSPICIOUS_MOVE = YES;
				CLANG_WARN_UNGUARDED_AVAILABILITY = YES_AGGRESSIVE;
				CLANG_WARN_UNREACHABLE_CODE = YES;
				CLANG_WARN__DUPLICATE_METHOD_MATCH = YES;
				COPY_PHASE_STRIP = NO;
				DEBUG_INFORMATION_FORMAT = "dwarf-with-dsym";
				ENABLE_NS_ASSERTIONS = NO;
				ENABLE_STRICT_OBJC_MSGSEND = YES;
				ENABLE_USER_SCRIPT_SANDBOXING = YES;
				GCC_C_LANGUAGE_STANDARD = gnu17;
				GCC_NO_COMMON_BLOCKS = YES;
				GCC_WARN_64_TO_32_BIT_CONVERSION = YES;
				GCC_WARN_ABOUT_RETURN_TYPE = YES_ERROR;
				GCC_WARN_UNDECLARED_SELECTOR = YES;
				GCC_WARN_UNINITIALIZED_AUTOS = YES_AGGRESSIVE;
				GCC_WARN_UNUSED_FUNCTION = YES;
				GCC_WARN_UNUSED_VARIABLE = YES;
				LOCALIZATION_PREFERS_STRING_CATALOGS = YES;
				MACOSX_DEPLOYMENT_TARGET = 14.0;
				MTL_ENABLE_DEBUG_INFO = NO;
				MTL_FAST_MATH = YES;
				SDKROOT = macosx;
			};
			name = Release;
		};
		63B5A2BF2B25C80B00025854 /* Debug */ = {
			isa = XCBuildConfiguration;
			buildSettings = {
				CODE_SIGN_STYLE = Automatic;
				PRODUCT_NAME = "$(TARGET_NAME)";
			};
			name = Debug;
		};
		63B5A2C02B25C80B00025854 /* Release */ = {
			isa = XCBuildConfiguration;
			buildSettings = {
				CODE_SIGN_STYLE = Automatic;
				PRODUCT_NAME = "$(TARGET_NAME)";
			};
			name = Release;
		};
/* End XCBuildConfiguration section */

/* Begin XCConfigurationList section */
		63B5A2B22B25C80B00025854 /* Build configuration list for PBXProject "KSPandarex" */ = {
			isa = XCConfigurationList;
			buildConfigurations = (
				63B5A2BC2B25C80B00025854 /* Debug */,
				63B5A2BD2B25C80B00025854 /* Release */,
			);
			defaultConfigurationIsVisible = 0;
			defaultConfigurationName = Release;
		};
		63B5A2BE2B25C80B00025854 /* Build configuration list for PBXNativeTarget "KSPandarex" */ = {
			isa = XCConfigurationList;
			buildConfigurations = (
				63B5A2BF2B25C80B00025854 /* Debug */,
				63B5A2C02B25C80B00025854 /* Release */,
			);
			defaultConfigurationIsVisible = 0;
			defaultConfigurationName = Release;
		};
/* End XCConfigurationList section */
	};
	rootObject = 63B5A2AF2B25C80B00025854 /* Project object */;
}
